// !$*UTF8*$!
{
	archiveVersion = 1;
	classes = {
	};
	objectVersion = 56;
	objects = {

/* Begin PBXBuildFile section */
		7F472A392C822EFA00C2EF6C /* _23_123App.swift in Sources */ = {isa = PBXBuildFile; fileRef = 7F472A382C822EFA00C2EF6C /* _23_123App.swift */; };
		7F472A3B2C822EFA00C2EF6C /* ContentView.swift in Sources */ = {isa = PBXBuildFile; fileRef = 7F472A3A2C822EFA00C2EF6C /* ContentView.swift */; };
		7F472A3D2C822EFA00C2EF6C /* Assets.xcassets in Resources */ = {isa = PBXBuildFile; fileRef = 7F472A3C2C822EFA00C2EF6C /* Assets.xcassets */; };
		7F472A402C822EFA00C2EF6C /* Preview Assets.xcassets in Resources */ = {isa = PBXBuildFile; fileRef = 7F472A3F2C822EFA00C2EF6C /* Preview Assets.xcassets */; };
		7F472A4A2C822EFA00C2EF6C /* _23_123Tests.swift in Sources */ = {isa = PBXBuildFile; fileRef = 7F472A492C822EFA00C2EF6C /* _23_123Tests.swift */; };
		7F472A542C822EFA00C2EF6C /* _23_123UITests.swift in Sources */ = {isa = PBXBuildFile; fileRef = 7F472A532C822EFA00C2EF6C /* _23_123UITests.swift */; };
		7F472A562C822EFA00C2EF6C /* _23_123UITestsLaunchTests.swift in Sources */ = {isa = PBXBuildFile; fileRef = 7F472A552C822EFA00C2EF6C /* _23_123UITestsLaunchTests.swift */; };
/* End PBXBuildFile section */

/* Begin PBXContainerItemProxy section */
		7F472A462C822EFA00C2EF6C /* PBXContainerItemProxy */ = {
			isa = PBXContainerItemProxy;
			containerPortal = 7F472A2D2C822EFA00C2EF6C /* Project object */;
			proxyType = 1;
			remoteGlobalIDString = 7F472A342C822EFA00C2EF6C;
			remoteInfo = 123_123;
		};
		7F472A502C822EFA00C2EF6C /* PBXContainerItemProxy */ = {
			isa = PBXContainerItemProxy;
			containerPortal = 7F472A2D2C822EFA00C2EF6C /* Project object */;
			proxyType = 1;
			remoteGlobalIDString = 7F472A342C822EFA00C2EF6C;
			remoteInfo = 123_123;
		};
/* End PBXContainerItemProxy section */

/* Begin PBXFileReference section */
		7F472A352C822EFA00C2EF6C /* 123_123.app */ = {isa = PBXFileReference; explicitFileType = wrapper.application; includeInIndex = 0; path = 123_123.app; sourceTree = BUILT_PRODUCTS_DIR; };
		7F472A382C822EFA00C2EF6C /* _23_123App.swift */ = {isa = PBXFileReference; lastKnownFileType = sourcecode.swift; path = _23_123App.swift; sourceTree = "<group>"; };
		7F472A3A2C822EFA00C2EF6C /* ContentView.swift */ = {isa = PBXFileReference; lastKnownFileType = sourcecode.swift; path = ContentView.swift; sourceTree = "<group>"; };
		7F472A3C2C822EFA00C2EF6C /* Assets.xcassets */ = {isa = PBXFileReference; lastKnownFileType = folder.assetcatalog; path = Assets.xcassets; sourceTree = "<group>"; };
		7F472A3F2C822EFA00C2EF6C /* Preview Assets.xcassets */ = {isa = PBXFileReference; lastKnownFileType = folder.assetcatalog; path = "Preview Assets.xcassets"; sourceTree = "<group>"; };
		7F472A452C822EFA00C2EF6C /* 123_123Tests.xctest */ = {isa = PBXFileReference; explicitFileType = wrapper.cfbundle; includeInIndex = 0; path = 123_123Tests.xctest; sourceTree = BUILT_PRODUCTS_DIR; };
		7F472A492C822EFA00C2EF6C /* _23_123Tests.swift */ = {isa = PBXFileReference; lastKnownFileType = sourcecode.swift; path = _23_123Tests.swift; sourceTree = "<group>"; };
		7F472A4F2C822EFA00C2EF6C /* 123_123UITests.xctest */ = {isa = PBXFileReference; explicitFileType = wrapper.cfbundle; includeInIndex = 0; path = 123_123UITests.xctest; sourceTree = BUILT_PRODUCTS_DIR; };
		7F472A532C822EFA00C2EF6C /* _23_123UITests.swift */ = {isa = PBXFileReference; lastKnownFileType = sourcecode.swift; path = _23_123UITests.swift; sourceTree = "<group>"; };
		7F472A552C822EFA00C2EF6C /* _23_123UITestsLaunchTests.swift */ = {isa = PBXFileReference; lastKnownFileType = sourcecode.swift; path = _23_123UITestsLaunchTests.swift; sourceTree = "<group>"; };
/* End PBXFileReference section */

/* Begin PBXFrameworksBuildPhase section */
		7F472A322C822EFA00C2EF6C /* Frameworks */ = {
			isa = PBXFrameworksBuildPhase;
			buildActionMask = 2147483647;
			files = (
			);
			runOnlyForDeploymentPostprocessing = 0;
		};
		7F472A422C822EFA00C2EF6C /* Frameworks */ = {
			isa = PBXFrameworksBuildPhase;
			buildActionMask = 2147483647;
			files = (
			);
			runOnlyForDeploymentPostprocessing = 0;
		};
		7F472A4C2C822EFA00C2EF6C /* Frameworks */ = {
			isa = PBXFrameworksBuildPhase;
			buildActionMask = 2147483647;
			files = (
			);
			runOnlyForDeploymentPostprocessing = 0;
		};
/* End PBXFrameworksBuildPhase section */

/* Begin PBXGroup section */
		7F472A2C2C822EFA00C2EF6C = {
			isa = PBXGroup;
			children = (
				7F472A372C822EFA00C2EF6C /* 123_123 */,
				7F472A482C822EFA00C2EF6C /* 123_123Tests */,
				7F472A522C822EFA00C2EF6C /* 123_123UITests */,
				7F472A362C822EFA00C2EF6C /* Products */,
			);
			sourceTree = "<group>";
		};
		7F472A362C822EFA00C2EF6C /* Products */ = {
			isa = PBXGroup;
			children = (
				7F472A352C822EFA00C2EF6C /* 123_123.app */,
				7F472A452C822EFA00C2EF6C /* 123_123Tests.xctest */,
				7F472A4F2C822EFA00C2EF6C /* 123_123UITests.xctest */,
			);
			name = Products;
			sourceTree = "<group>";
		};
		7F472A372C822EFA00C2EF6C /* 123_123 */ = {
			isa = PBXGroup;
			children = (
				7F472A382C822EFA00C2EF6C /* _23_123App.swift */,
				7F472A3A2C822EFA00C2EF6C /* ContentView.swift */,
				7F472A3C2C822EFA00C2EF6C /* Assets.xcassets */,
				7F472A3E2C822EFA00C2EF6C /* Preview Content */,
			);
			path = 123_123;
			sourceTree = "<group>";
		};
		7F472A3E2C822EFA00C2EF6C /* Preview Content */ = {
			isa = PBXGroup;
			children = (
				7F472A3F2C822EFA00C2EF6C /* Preview Assets.xcassets */,
			);
			path = "Preview Content";
			sourceTree = "<group>";
		};
		7F472A482C822EFA00C2EF6C /* 123_123Tests */ = {
			isa = PBXGroup;
			children = (
				7F472A492C822EFA00C2EF6C /* _23_123Tests.swift */,
			);
			path = 123_123Tests;
			sourceTree = "<group>";
		};
		7F472A522C822EFA00C2EF6C /* 123_123UITests */ = {
			isa = PBXGroup;
			children = (
				7F472A532C822EFA00C2EF6C /* _23_123UITests.swift */,
				7F472A552C822EFA00C2EF6C /* _23_123UITestsLaunchTests.swift */,
			);
			path = 123_123UITests;
			sourceTree = "<group>";
		};
/* End PBXGroup section */

/* Begin PBXNativeTarget section */
		7F472A342C822EFA00C2EF6C /* 123_123 */ = {
			isa = PBXNativeTarget;
			buildConfigurationList = 7F472A592C822EFA00C2EF6C /* Build configuration list for PBXNativeTarget "123_123" */;
			buildPhases = (
				7F472A312C822EFA00C2EF6C /* Sources */,
				7F472A322C822EFA00C2EF6C /* Frameworks */,
				7F472A332C822EFA00C2EF6C /* Resources */,
			);
			buildRules = (
			);
			dependencies = (
			);
			name = 123_123;
			productName = 123_123;
			productReference = 7F472A352C822EFA00C2EF6C /* 123_123.app */;
			productType = "com.apple.product-type.application";
		};
		7F472A442C822EFA00C2EF6C /* 123_123Tests */ = {
			isa = PBXNativeTarget;
			buildConfigurationList = 7F472A5C2C822EFA00C2EF6C /* Build configuration list for PBXNativeTarget "123_123Tests" */;
			buildPhases = (
				7F472A412C822EFA00C2EF6C /* Sources */,
				7F472A422C822EFA00C2EF6C /* Frameworks */,
				7F472A432C822EFA00C2EF6C /* Resources */,
			);
			buildRules = (
			);
			dependencies = (
				7F472A472C822EFA00C2EF6C /* PBXTargetDependency */,
			);
			name = 123_123Tests;
			productName = 123_123Tests;
			productReference = 7F472A452C822EFA00C2EF6C /* 123_123Tests.xctest */;
			productType = "com.apple.product-type.bundle.unit-test";
		};
		7F472A4E2C822EFA00C2EF6C /* 123_123UITests */ = {
			isa = PBXNativeTarget;
			buildConfigurationList = 7F472A5F2C822EFA00C2EF6C /* Build configuration list for PBXNativeTarget "123_123UITests" */;
			buildPhases = (
				7F472A4B2C822EFA00C2EF6C /* Sources */,
				7F472A4C2C822EFA00C2EF6C /* Frameworks */,
				7F472A4D2C822EFA00C2EF6C /* Resources */,
			);
			buildRules = (
			);
			dependencies = (
				7F472A512C822EFA00C2EF6C /* PBXTargetDependency */,
			);
			name = 123_123UITests;
			productName = 123_123UITests;
			productReference = 7F472A4F2C822EFA00C2EF6C /* 123_123UITests.xctest */;
			productType = "com.apple.product-type.bundle.ui-testing";
		};
/* End PBXNativeTarget section */

/* Begin PBXProject section */
		7F472A2D2C822EFA00C2EF6C /* Project object */ = {
			isa = PBXProject;
			attributes = {
				BuildIndependentTargetsInParallel = 1;
				LastSwiftUpdateCheck = 1430;
				LastUpgradeCheck = 1430;
				TargetAttributes = {
					7F472A342C822EFA00C2EF6C = {
						CreatedOnToolsVersion = 14.3;
					};
					7F472A442C822EFA00C2EF6C = {
						CreatedOnToolsVersion = 14.3;
						TestTargetID = 7F472A342C822EFA00C2EF6C;
					};
					7F472A4E2C822EFA00C2EF6C = {
						CreatedOnToolsVersion = 14.3;
						TestTargetID = 7F472A342C822EFA00C2EF6C;
					};
				};
			};
			buildConfigurationList = 7F472A302C822EFA00C2EF6C /* Build configuration list for PBXProject "123_123" */;
			compatibilityVersion = "Xcode 14.0";
			developmentRegion = en;
			hasScannedForEncodings = 0;
			knownRegions = (
				en,
				Base,
			);
			mainGroup = 7F472A2C2C822EFA00C2EF6C;
			productRefGroup = 7F472A362C822EFA00C2EF6C /* Products */;
			projectDirPath = "";
			projectRoot = "";
			targets = (
				7F472A342C822EFA00C2EF6C /* 123_123 */,
				7F472A442C822EFA00C2EF6C /* 123_123Tests */,
				7F472A4E2C822EFA00C2EF6C /* 123_123UITests */,
			);
		};
/* End PBXProject section */

/* Begin PBXResourcesBuildPhase section */
		7F472A332C822EFA00C2EF6C /* Resources */ = {
			isa = PBXResourcesBuildPhase;
			buildActionMask = 2147483647;
			files = (
				7F472A402C822EFA00C2EF6C /* Preview Assets.xcassets in Resources */,
				7F472A3D2C822EFA00C2EF6C /* Assets.xcassets in Resources */,
			);
			runOnlyForDeploymentPostprocessing = 0;
		};
		7F472A432C822EFA00C2EF6C /* Resources */ = {
			isa = PBXResourcesBuildPhase;
			buildActionMask = 2147483647;
			files = (
			);
			runOnlyForDeploymentPostprocessing = 0;
		};
		7F472A4D2C822EFA00C2EF6C /* Resources */ = {
			isa = PBXResourcesBuildPhase;
			buildActionMask = 2147483647;
			files = (
			);
			runOnlyForDeploymentPostprocessing = 0;
		};
/* End PBXResourcesBuildPhase section */

/* Begin PBXSourcesBuildPhase section */
		7F472A312C822EFA00C2EF6C /* Sources */ = {
			isa = PBXSourcesBuildPhase;
			buildActionMask = 2147483647;
			files = (
				7F472A3B2C822EFA00C2EF6C /* ContentView.swift in Sources */,
				7F472A392C822EFA00C2EF6C /* _23_123App.swift in Sources */,
			);
			runOnlyForDeploymentPostprocessing = 0;
		};
		7F472A412C822EFA00C2EF6C /* Sources */ = {
			isa = PBXSourcesBuildPhase;
			buildActionMask = 2147483647;
			files = (
				7F472A4A2C822EFA00C2EF6C /* _23_123Tests.swift in Sources */,
			);
			runOnlyForDeploymentPostprocessing = 0;
		};
		7F472A4B2C822EFA00C2EF6C /* Sources */ = {
			isa = PBXSourcesBuildPhase;
			buildActionMask = 2147483647;
			files = (
				7F472A562C822EFA00C2EF6C /* _23_123UITestsLaunchTests.swift in Sources */,
				7F472A542C822EFA00C2EF6C /* _23_123UITests.swift in Sources */,
			);
			runOnlyForDeploymentPostprocessing = 0;
		};
/* End PBXSourcesBuildPhase section */

/* Begin PBXTargetDependency section */
		7F472A472C822EFA00C2EF6C /* PBXTargetDependency */ = {
			isa = PBXTargetDependency;
			target = 7F472A342C822EFA00C2EF6C /* 123_123 */;
			targetProxy = 7F472A462C822EFA00C2EF6C /* PBXContainerItemProxy */;
		};
		7F472A512C822EFA00C2EF6C /* PBXTargetDependency */ = {
			isa = PBXTargetDependency;
			target = 7F472A342C822EFA00C2EF6C /* 123_123 */;
			targetProxy = 7F472A502C822EFA00C2EF6C /* PBXContainerItemProxy */;
		};
/* End PBXTargetDependency section */

/* Begin XCBuildConfiguration section */
		7F472A572C822EFA00C2EF6C /* Debug */ = {
			isa = XCBuildConfiguration;
			buildSettings = {
				ALWAYS_SEARCH_USER_PATHS = NO;
				CLANG_ANALYZER_NONNULL = YES;
				CLANG_ANALYZER_NUMBER_OBJECT_CONVERSION = YES_AGGRESSIVE;
				CLANG_CXX_LANGUAGE_STANDARD = "gnu++20";
				CLANG_ENABLE_MODULES = YES;
				CLANG_ENABLE_OBJC_ARC = YES;
				CLANG_ENABLE_OBJC_WEAK = YES;
				CLANG_WARN_BLOCK_CAPTURE_AUTORELEASING = YES;
				CLANG_WARN_BOOL_CONVERSION = YES;
				CLANG_WARN_COMMA = YES;
				CLANG_WARN_CONSTANT_CONVERSION = YES;
				CLANG_WARN_DEPRECATED_OBJC_IMPLEMENTATIONS = YES;
				CLANG_WARN_DIRECT_OBJC_ISA_USAGE = YES_ERROR;
				CLANG_WARN_DOCUMENTATION_COMMENTS = YES;
				CLANG_WARN_EMPTY_BODY = YES;
				CLANG_WARN_ENUM_CONVERSION = YES;
				CLANG_WARN_INFINITE_RECURSION = YES;
				CLANG_WARN_INT_CONVERSION = YES;
				CLANG_WARN_NON_LITERAL_NULL_CONVERSION = YES;
				CLANG_WARN_OBJC_IMPLICIT_RETAIN_SELF = YES;
				CLANG_WARN_OBJC_LITERAL_CONVERSION = YES;
				CLANG_WARN_OBJC_ROOT_CLASS = YES_ERROR;
				CLANG_WARN_QUOTED_INCLUDE_IN_FRAMEWORK_HEADER = YES;
				CLANG_WARN_RANGE_LOOP_ANALYSIS = YES;
				CLANG_WARN_STRICT_PROTOTYPES = YES;
				CLANG_WARN_SUSPICIOUS_MOVE = YES;
				CLANG_WARN_UNGUARDED_AVAILABILITY = YES_AGGRESSIVE;
				CLANG_WARN_UNREACHABLE_CODE = YES;
				CLANG_WARN__DUPLICATE_METHOD_MATCH = YES;
				COPY_PHASE_STRIP = NO;
				DEBUG_INFORMATION_FORMAT = dwarf;
				ENABLE_STRICT_OBJC_MSGSEND = YES;
				ENABLE_TESTABILITY = YES;
				GCC_C_LANGUAGE_STANDARD = gnu11;
				GCC_DYNAMIC_NO_PIC = NO;
				GCC_NO_COMMON_BLOCKS = YES;
				GCC_OPTIMIZATION_LEVEL = 0;
				GCC_PREPROCESSOR_DEFINITIONS = (
					"DEBUG=1",
					"$(inherited)",
				);
				GCC_WARN_64_TO_32_BIT_CONVERSION = YES;
				GCC_WARN_ABOUT_RETURN_TYPE = YES_ERROR;
				GCC_WARN_UNDECLARED_SELECTOR = YES;
				GCC_WARN_UNINITIALIZED_AUTOS = YES_AGGRESSIVE;
				GCC_WARN_UNUSED_FUNCTION = YES;
				GCC_WARN_UNUSED_VARIABLE = YES;
				IPHONEOS_DEPLOYMENT_TARGET = 16.4;
				MTL_ENABLE_DEBUG_INFO = INCLUDE_SOURCE;
				MTL_FAST_MATH = YES;
				ONLY_ACTIVE_ARCH = YES;
				SDKROOT = iphoneos;
				SWIFT_ACTIVE_COMPILATION_CONDITIONS = DEBUG;
				SWIFT_OPTIMIZATION_LEVEL = "-Onone";
			};
			name = Debug;
		};
		7F472A582C822EFA00C2EF6C /* Release */ = {
			isa = XCBuildConfiguration;
			buildSettings = {
				ALWAYS_SEARCH_USER_PATHS = NO;
				CLANG_ANALYZER_NONNULL = YES;
				CLANG_ANALYZER_NUMBER_OBJECT_CONVERSION = YES_AGGRESSIVE;
				CLANG_CXX_LANGUAGE_STANDARD = "gnu++20";
				CLANG_ENABLE_MODULES = YES;
				CLANG_ENABLE_OBJC_ARC = YES;
				CLANG_ENABLE_OBJC_WEAK = YES;
				CLANG_WARN_BLOCK_CAPTURE_AUTORELEASING = YES;
				CLANG_WARN_BOOL_CONVERSION = YES;
				CLANG_WARN_COMMA = YES;
				CLANG_WARN_CONSTANT_CONVERSION = YES;
				CLANG_WARN_DEPRECATED_OBJC_IMPLEMENTATIONS = YES;
				CLANG_WARN_DIRECT_OBJC_ISA_USAGE = YES_ERROR;
				CLANG_WARN_DOCUMENTATION_COMMENTS = YES;
				CLANG_WARN_EMPTY_BODY = YES;
				CLANG_WARN_ENUM_CONVERSION = YES;
				CLANG_WARN_INFINITE_RECURSION = YES;
				CLANG_WARN_INT_CONVERSION = YES;
				CLANG_WARN_NON_LITERAL_NULL_CONVERSION = YES;
				CLANG_WARN_OBJC_IMPLICIT_RETAIN_SELF = YES;
				CLANG_WARN_OBJC_LITERAL_CONVERSION = YES;
				CLANG_WARN_OBJC_ROOT_CLASS = YES_ERROR;
				CLANG_WARN_QUOTED_INCLUDE_IN_FRAMEWORK_HEADER = YES;
				CLANG_WARN_RANGE_LOOP_ANALYSIS = YES;
				CLANG_WARN_STRICT_PROTOTYPES = YES;
				CLANG_WARN_SUSPICIOUS_MOVE = YES;
				CLANG_WARN_UNGUARDED_AVAILABILITY = YES_AGGRESSIVE;
				CLANG_WARN_UNREACHABLE_CODE = YES;
				CLANG_WARN__DUPLICATE_METHOD_MATCH = YES;
				COPY_PHASE_STRIP = NO;
				DEBUG_INFORMATION_FORMAT = "dwarf-with-dsym";
				ENABLE_NS_ASSERTIONS = NO;
				ENABLE_STRICT_OBJC_MSGSEND = YES;
				GCC_C_LANGUAGE_STANDARD = gnu11;
				GCC_NO_COMMON_BLOCKS = YES;
				GCC_WARN_64_TO_32_BIT_CONVERSION = YES;
				GCC_WARN_ABOUT_RETURN_TYPE = YES_ERROR;
				GCC_WARN_UNDECLARED_SELECTOR = YES;
				GCC_WARN_UNINITIALIZED_AUTOS = YES_AGGRESSIVE;
				GCC_WARN_UNUSED_FUNCTION = YES;
				GCC_WARN_UNUSED_VARIABLE = YES;
				IPHONEOS_DEPLOYMENT_TARGET = 16.4;
				MTL_ENABLE_DEBUG_INFO = NO;
				MTL_FAST_MATH = YES;
				SDKROOT = iphoneos;
				SWIFT_COMPILATION_MODE = wholemodule;
				SWIFT_OPTIMIZATION_LEVEL = "-O";
				VALIDATE_PRODUCT = YES;
			};
			name = Release;
		};
		7F472A5A2C822EFA00C2EF6C /* Debug */ = {
			isa = XCBuildConfiguration;
			buildSettings = {
				ASSETCATALOG_COMPILER_APPICON_NAME = AppIcon;
				ASSETCATALOG_COMPILER_GLOBAL_ACCENT_COLOR_NAME = AccentColor;
				CODE_SIGN_STYLE = Automatic;
				CURRENT_PROJECT_VERSION = 1;
				DEVELOPMENT_ASSET_PATHS = "\"123_123/Preview Content\"";
				ENABLE_PREVIEWS = YES;
				GENERATE_INFOPLIST_FILE = YES;
				INFOPLIST_KEY_UIApplicationSceneManifest_Generation = YES;
				INFOPLIST_KEY_UIApplicationSupportsIndirectInputEvents = YES;
				INFOPLIST_KEY_UILaunchScreen_Generation = YES;
				INFOPLIST_KEY_UISupportedInterfaceOrientations_iPad = "UIInterfaceOrientationPortrait UIInterfaceOrientationPortraitUpsideDown UIInterfaceOrientationLandscapeLeft UIInterfaceOrientationLandscapeRight";
				INFOPLIST_KEY_UISupportedInterfaceOrientations_iPhone = "UIInterfaceOrientationPortrait UIInterfaceOrientationLandscapeLeft UIInterfaceOrientationLandscapeRight";
				LD_RUNPATH_SEARCH_PATHS = (
					"$(inherited)",
					"@executable_path/Frameworks",
				);
				MARKETING_VERSION = 1.0;
				PRODUCT_BUNDLE_IDENTIFIER = "ca.qc.collegeahuntsic.-23-123";
				PRODUCT_NAME = "$(TARGET_NAME)";
				SWIFT_EMIT_LOC_STRINGS = YES;
				SWIFT_VERSION = 5.0;
				TARGETED_DEVICE_FAMILY = "1,2";
			};
			name = Debug;
		};
		7F472A5B2C822EFA00C2EF6C /* Release */ = {
			isa = XCBuildConfiguration;
			buildSettings = {
				ASSETCATALOG_COMPILER_APPICON_NAME = AppIcon;
				ASSETCATALOG_COMPILER_GLOBAL_ACCENT_COLOR_NAME = AccentColor;
				CODE_SIGN_STYLE = Automatic;
				CURRENT_PROJECT_VERSION = 1;
				DEVELOPMENT_ASSET_PATHS = "\"123_123/Preview Content\"";
				ENABLE_PREVIEWS = YES;
				GENERATE_INFOPLIST_FILE = YES;
				INFOPLIST_KEY_UIApplicationSceneManifest_Generation = YES;
				INFOPLIST_KEY_UIApplicationSupportsIndirectInputEvents = YES;
				INFOPLIST_KEY_UILaunchScreen_Generation = YES;
				INFOPLIST_KEY_UISupportedInterfaceOrientations_iPad = "UIInterfaceOrientationPortrait UIInterfaceOrientationPortraitUpsideDown UIInterfaceOrientationLandscapeLeft UIInterfaceOrientationLandscapeRight";
				INFOPLIST_KEY_UISupportedInterfaceOrientations_iPhone = "UIInterfaceOrientationPortrait UIInterfaceOrientationLandscapeLeft UIInterfaceOrientationLandscapeRight";
				LD_RUNPATH_SEARCH_PATHS = (
					"$(inherited)",
					"@executable_path/Frameworks",
				);
				MARKETING_VERSION = 1.0;
				PRODUCT_BUNDLE_IDENTIFIER = "ca.qc.collegeahuntsic.-23-123";
				PRODUCT_NAME = "$(TARGET_NAME)";
				SWIFT_EMIT_LOC_STRINGS = YES;
				SWIFT_VERSION = 5.0;
				TARGETED_DEVICE_FAMILY = "1,2";
			};
			name = Release;
		};
		7F472A5D2C822EFA00C2EF6C /* Debug */ = {
			isa = XCBuildConfiguration;
			buildSettings = {
				ALWAYS_EMBED_SWIFT_STANDARD_LIBRARIES = YES;
				BUNDLE_LOADER = "$(TEST_HOST)";
				CODE_SIGN_STYLE = Automatic;
				CURRENT_PROJECT_VERSION = 1;
				GENERATE_INFOPLIST_FILE = YES;
				IPHONEOS_DEPLOYMENT_TARGET = 16.4;
				MARKETING_VERSION = 1.0;
				PRODUCT_BUNDLE_IDENTIFIER = "ca.qc.collegeahuntsic.-23-123Tests";
				PRODUCT_NAME = "$(TARGET_NAME)";
				SWIFT_EMIT_LOC_STRINGS = NO;
				SWIFT_VERSION = 5.0;
				TARGETED_DEVICE_FAMILY = "1,2";
				TEST_HOST = "$(BUILT_PRODUCTS_DIR)/123_123.app/$(BUNDLE_EXECUTABLE_FOLDER_PATH)/123_123";
			};
			name = Debug;
		};
		7F472A5E2C822EFA00C2EF6C /* Release */ = {
			isa = XCBuildConfiguration;
			buildSettings = {
				ALWAYS_EMBED_SWIFT_STANDARD_LIBRARIES = YES;
				BUNDLE_LOADER = "$(TEST_HOST)";
				CODE_SIGN_STYLE = Automatic;
				CURRENT_PROJECT_VERSION = 1;
				GENERATE_INFOPLIST_FILE = YES;
				IPHONEOS_DEPLOYMENT_TARGET = 16.4;
				MARKETING_VERSION = 1.0;
				PRODUCT_BUNDLE_IDENTIFIER = "ca.qc.collegeahuntsic.-23-123Tests";
				PRODUCT_NAME = "$(TARGET_NAME)";
				SWIFT_EMIT_LOC_STRINGS = NO;
				SWIFT_VERSION = 5.0;
				TARGETED_DEVICE_FAMILY = "1,2";
				TEST_HOST = "$(BUILT_PRODUCTS_DIR)/123_123.app/$(BUNDLE_EXECUTABLE_FOLDER_PATH)/123_123";
			};
			name = Release;
		};
		7F472A602C822EFA00C2EF6C /* Debug */ = {
			isa = XCBuildConfiguration;
			buildSettings = {
				ALWAYS_EMBED_SWIFT_STANDARD_LIBRARIES = YES;
				CODE_SIGN_STYLE = Automatic;
				CURRENT_PROJECT_VERSION = 1;
				GENERATE_INFOPLIST_FILE = YES;
				MARKETING_VERSION = 1.0;
				PRODUCT_BUNDLE_IDENTIFIER = "ca.qc.collegeahuntsic.-23-123UITests";
				PRODUCT_NAME = "$(TARGET_NAME)";
				SWIFT_EMIT_LOC_STRINGS = NO;
				SWIFT_VERSION = 5.0;
				TARGETED_DEVICE_FAMILY = "1,2";
				TEST_TARGET_NAME = 123_123;
			};
			name = Debug;
		};
		7F472A612C822EFA00C2EF6C /* Release */ = {
			isa = XCBuildConfiguration;
			buildSettings = {
				ALWAYS_EMBED_SWIFT_STANDARD_LIBRARIES = YES;
				CODE_SIGN_STYLE = Automatic;
				CURRENT_PROJECT_VERSION = 1;
				GENERATE_INFOPLIST_FILE = YES;
				MARKETING_VERSION = 1.0;
				PRODUCT_BUNDLE_IDENTIFIER = "ca.qc.collegeahuntsic.-23-123UITests";
				PRODUCT_NAME = "$(TARGET_NAME)";
				SWIFT_EMIT_LOC_STRINGS = NO;
				SWIFT_VERSION = 5.0;
				TARGETED_DEVICE_FAMILY = "1,2";
				TEST_TARGET_NAME = 123_123;
			};
			name = Release;
		};
/* End XCBuildConfiguration section */

/* Begin XCConfigurationList section */
		7F472A302C822EFA00C2EF6C /* Build configuration list for PBXProject "123_123" */ = {
			isa = XCConfigurationList;
			buildConfigurations = (
				7F472A572C822EFA00C2EF6C /* Debug */,
				7F472A582C822EFA00C2EF6C /* Release */,
			);
			defaultConfigurationIsVisible = 0;
			defaultConfigurationName = Release;
		};
		7F472A592C822EFA00C2EF6C /* Build configuration list for PBXNativeTarget "123_123" */ = {
			isa = XCConfigurationList;
			buildConfigurations = (
				7F472A5A2C822EFA00C2EF6C /* Debug */,
				7F472A5B2C822EFA00C2EF6C /* Release */,
			);
			defaultConfigurationIsVisible = 0;
			defaultConfigurationName = Release;
		};
		7F472A5C2C822EFA00C2EF6C /* Build configuration list for PBXNativeTarget "123_123Tests" */ = {
			isa = XCConfigurationList;
			buildConfigurations = (
				7F472A5D2C822EFA00C2EF6C /* Debug */,
				7F472A5E2C822EFA00C2EF6C /* Release */,
			);
			defaultConfigurationIsVisible = 0;
			defaultConfigurationName = Release;
		};
		7F472A5F2C822EFA00C2EF6C /* Build configuration list for PBXNativeTarget "123_123UITests" */ = {
			isa = XCConfigurationList;
			buildConfigurations = (
				7F472A602C822EFA00C2EF6C /* Debug */,
				7F472A612C822EFA00C2EF6C /* Release */,
			);
			defaultConfigurationIsVisible = 0;
			defaultConfigurationName = Release;
		};
/* End XCConfigurationList section */
	};
	rootObject = 7F472A2D2C822EFA00C2EF6C /* Project object */;
}
